version = 1
revision = 3
requires-python = "==3.12.*"
resolution-markers = [
    "platform_machine == 'x86_64' and sys_platform == 'linux'",
    "platform_machine == 'aarch64' and sys_platform == 'linux'",
]
supported-markers = [
    "platform_machine == 'x86_64' and sys_platform == 'linux'",
    "platform_machine == 'aarch64' and sys_platform == 'linux'",
]

[[package]]
name = "absl-py"
version = "2.5.0"
source = { registry = "https://pypi.org/simple" }
sdist = { url = "https://files.pythonhosted.org/packages/d0/4f/d79676ab82f2e42fc3611618139f13a9c4c31d0cff4b486982047679a802/absl_py-2.5.0.tar.gz", hash = "sha256:0c996f25c0490700fadabe6351630f6111534fa0ae252cc6d2014ea3b141135f", size = 118119, upload-time = "2026-07-03T10:57:48.157Z" }
wheels = [
    { url = "https://files.pythonhosted.org/packages/58/0a/a10b45aab35b175aded078a462dc8d0c698f5b13946e7cb0869097b78bb6/absl_py-2.5.0-py3-none-any.whl", hash = "sha256:0f17b89f2a4eaaedc4f28c622998aa690564b3012a396a4ffad0821007fe03ba", size = 137410, upload-time = "2026-07-03T10:57:46.735Z" },
]

[[package]]
name = "cuda-bindings"
version = "12.9.4"
source = { registry = "https://pypi.org/simple" }
dependencies = [
    { name = "cuda-pathfinder" },
]
wheels = [
    { url = "https://files.pythonhosted.org/packages/0c/c2/65bfd79292b8ff18be4dd7f7442cea37bcbc1a228c1886f1dea515c45b67/cuda_bindings-12.9.4-cp312-cp312-manylinux_2_24_aarch64.manylinux_2_28_aarch64.whl", hash = "sha256:694ba35023846625ef471257e6b5a4bc8af690f961d197d77d34b1d1db393f56", size = 11760260, upload-time = "2025-10-21T14:51:40.79Z" },
    { url = "https://files.pythonhosted.org/packages/a9/c1/dabe88f52c3e3760d861401bb994df08f672ec893b8f7592dc91626adcf3/cuda_bindings-12.9.4-cp312-cp312-manylinux_2_24_x86_64.manylinux_2_28_x86_64.whl", hash = "sha256:fda147a344e8eaeca0c6ff113d2851ffca8f7dfc0a6c932374ee5c47caa649c8", size = 12151019, upload-time = "2025-10-21T14:51:43.167Z" },
]

[[package]]
name = "cuda-pathfinder"
version = "1.8.2"
source = { registry = "https://pypi.org/simple" }
wheels = [
    { url = "https://files.pythonhosted.org/packages/98/59/239c7259e669c46ddbcac0aa60e3a0ef00bfeaaa687f905b24dd6a7a10fe/cuda_pathfinder-1.8.2-py3-none-any.whl", hash = "sha256:4e65059febdb4d19d5cbc4798677e19db2b582f2f702f457b609e571690d357e", size = 62551, upload-time = "2026-09-17T22:19:09.396Z" },
]

[[package]]
name = "filelock"
version = "4.0.0"
source = { registry = "https://pypi.org/simple" }
sdist = { url = "https://files.pythonhosted.org/packages/5e/ac/8c98b17ee3900147b38ef7884a1e590b070b63f0d59fd8b46ef0205f4576/filelock-4.0.0.tar.gz", hash = "sha256:3611eca5d818ca9b00ec3cc7db1dcfe1e2aafc8d44fb4920d8cf60ad1f6bfda6", size = 237935, upload-time = "2026-09-17T03:59:02.967Z" }
wheels = [
    { url = "https://files.pythonhosted.org/packages/01/fb/0e4489505dac46a0487ba925ea4b046612f1a40f432d63a000421de78549/filelock-4.0.0-py3-none-any.whl", hash = "sha256:a850aa9ec2acba8db9ca2e9fcf8a327fbc2f85e432725715b37bd76b7dd1f798", size = 106036, upload-time = "2026-09-17T03:59:01.336Z" },
]

[[package]]
name = "fsspec"
version = "2026.7.0"
source = { registry = "https://pypi.org/simple" }
sdist = { url = "https://files.pythonhosted.org/packages/00/78/f34251dadb8f3921264a1d9b8946f5e542014ee2614b285261b4e40e6775/fsspec-2026.7.0.tar.gz", hash = "sha256:c803c40f4cf860b49dea58ee3e1c33cb9c790520e233537e1340049f89b82a88", size = 317040, upload-time = "2026-07-28T16:34:51.052Z" }
wheels = [
    { url = "https://files.pythonhosted.org/packages/fd/3c/6a2bf344106328fd04963664a60b9bb6496fc25df8e962fcdc1367285fb9/fsspec-2026.7.0-py3-none-any.whl", hash = "sha256:b57ddbafedfaef7018c1ecab32aa200a9d7ca26b77965f64e48b70061249d279", size = 206583, upload-time = "2026-07-28T16:34:49.538Z" },
]

[[package]]
name = "grpcio"
version = "1.84.0"
source = { registry = "https://pypi.org/simple" }
dependencies = [
    { name = "typing-extensions" },
]
sdist = { url = "https://files.pythonhosted.org/packages/3f/4f/4435c0aae54657258d9cfcba78598f3d9e5fe4c82ff18d78558567b90faf/grpcio-1.84.0.tar.gz", hash = "sha256:19aaf172fc2edbefccce3f6e92c5150975dbe56c45744e9e87cf72ebdf85bfbe", size = 13493876, upload-time = "2026-09-14T06:59:33.291Z" }
wheels = [
    { url = "https://files.pythonhosted.org/packages/db/d1/a7b7cda98fcab9b3d2916204a872d87371158a7a34e41768f524584fb64d/grpcio-1.84.0-cp312-cp312-manylinux2014_aarch64.manylinux_2_17_aarch64.whl", hash = "sha256:fbdbcd06986ede3ce584083b1dc2afe6808e8943e5cf50ad11183c03aceda25a", size = 6984468, upload-time = "2026-09-14T06:57:45.035Z" },
    { url = "https://files.pythonhosted.org/packages/a0/bf/258cd7c0a7ed92745dc93c31666d462d05b702807a689744bd49fb833bde/grpcio-1.84.0-cp312-cp312-manylinux2014_x86_64.manylinux_2_17_x86_64.whl", hash = "sha256:b44f0a0fc7bc6677d38cc80bca1a32814ce6c8f200fb8b3c1a61c9d77eaefbf3", size = 7156115, upload-time = "2026-09-14T06:57:49.657Z" },
    { url = "https://files.pythonhosted.org/packages/2b/4b/7f829418dbfcf91b875e55e2973f1059a95decb4f081313416317ef04ec1/grpcio-1.84.0-cp312-cp312-musllinux_1_2_aarch64.whl", hash = "sha256:210e4c32f907045eb8158273e60c6ab69a3947697df6245dbda381f26c59485b", size = 7708010, upload-time = "2026-09-14T06:57:52.496Z" },
    { url = "https://files.pythonhosted.org/packages/2c/5c/b67407c6dbc480dfc0715f6eccdb1061e7c88d85f9a330a241d357a538c5/grpcio-1.84.0-cp312-cp312-musllinux_1_2_x86_64.whl", hash = "sha256:f6c972474ce691aca74e58d17625450cef153dc4760364cadeb167983ea6d589", size = 8124904, upload-time = "2026-09-14T06:57:58.569Z" },
]

[[package]]
name = "iniconfig"
version = "2.3.0"
source = { registry = "https://pypi.org/simple" }
sdist = { url = "https://files.pythonhosted.org/packages/72/34/14ca021ce8e5dfedc35312d08ba8bf51fdd999c576889fc2c24cb97f4f10/iniconfig-2.3.0.tar.gz", hash = "sha256:c76315c77db068650d49c5b56314774a7804df16fee4402c1f19d6d15d8c4730", size = 20503, upload-time = "2025-10-18T21:55:43.219Z" }
wheels = [
    { url = "https://files.pythonhosted.org/packages/cb/b1/3846dd7f199d53cb17f49cba7e651e9ce294d8497c8c150530ed11865bb8/iniconfig-2.3.0-py3-none-any.whl", hash = "sha256:f631c04d2c48c52b84d0d0549c99ff3859c98df65b3101406327ecc7d53fbf12", size = 7484, upload-time = "2025-10-18T21:55:41.639Z" },
]

[[package]]
name = "jinja2"
version = "3.1.6"
source = { registry = "https://pypi.org/simple" }
dependencies = [
    { name = "markupsafe" },
]
sdist = { url = "https://files.pythonhosted.org/packages/df/bf/f7da0350254c0ed7c72f3e33cef02e048281fec7ecec5f032d4aac52226b/jinja2-3.1.6.tar.gz", hash = "sha256:0137fb05990d35f1275a587e9aee6d56da821fc83491a0fb838183be43f66d6d", size = 245115, upload-time = "2025-03-05T20:05:02.478Z" }
wheels = [
    { url = "https://files.pythonhosted.org/packages/62/a1/3d680cbfd5f4b8f15abc1d571870c5fc3e594bb582bc3b64ea099db13e56/jinja2-3.1.6-py3-none-any.whl", hash = "sha256:85ece4451f492d0c13c5dd7c13a64681a86afae63a5f347908daf103ce6d2f67", size = 134899, upload-time = "2025-03-05T20:05:00.369Z" },
]

[[package]]
name = "markdown"
version = "3.10.3"
source = { registry = "https://pypi.org/simple" }
sdist = { url = "https://files.pythonhosted.org/packages/29/6f/da4c6aea59b3001f2e8c0ec7497475aadaf3b021c10cab5b2858f0f32b26/markdown-3.10.3.tar.gz", hash = "sha256:3589362618f743188b4d955b874402bc814f4f83f544dc207719f4baa7d9c45f", size = 372596, upload-time = "2026-07-30T19:05:29.005Z" }
wheels = [
    { url = "https://files.pythonhosted.org/packages/64/69/4a5af2bc115a9a33fefe51709749de8262be3f9ba063d1753a837cdbc49c/markdown-3.10.3-py3-none-any.whl", hash = "sha256:fa6c92a00a4a3c98b22728c64a935ae1928250ae65058a6ded814d2cc29a4cea", size = 110757, upload-time = "2026-07-30T19:05:27.883Z" },
]

[[package]]
name = "markupsafe"
version = "3.0.3"
source = { registry = "https://pypi.org/simple" }
sdist = { url = "https://files.pythonhosted.org/packages/7e/99/7690b6d4034fffd95959cbe0c02de8deb3098cc577c67bb6a24fe5d7caa7/markupsafe-3.0.3.tar.gz", hash = "sha256:722695808f4b6457b320fdc131280796bdceb04ab50fe1795cd540799ebe1698", size = 80313, upload-time = "2025-09-27T18:37:40.426Z" }
wheels = [
    { url = "https://files.pythonhosted.org/packages/1e/2c/799f4742efc39633a1b54a92eec4082e4f815314869865d876824c257c1e/markupsafe-3.0.3-cp312-cp312-manylinux2014_aarch64.manylinux_2_17_aarch64.manylinux_2_28_aarch64.whl", hash = "sha256:3a7e8ae81ae39e62a41ec302f972ba6ae23a5c5396c8e60113e9066ef893da0d", size = 24332, upload-time = "2025-09-27T18:36:32.813Z" },
    { url = "https://files.pythonhosted.org/packages/3c/2e/8d0c2ab90a8c1d9a24f0399058ab8519a3279d1bd4289511d74e909f060e/markupsafe-3.0.3-cp312-cp312-manylinux2014_x86_64.manylinux_2_17_x86_64.manylinux_2_28_x86_64.whl", hash = "sha256:d6dd0be5b5b189d31db7cda48b91d7e0a9795f31430b7f271219ab30f1d3ac9d", size = 22947, upload-time = "2025-09-27T18:36:33.86Z" },
    { url = "https://files.pythonhosted.org/packages/c9/2f/336b8c7b6f4a4d95e91119dc8521402461b74a485558d8f238a68312f11c/markupsafe-3.0.3-cp312-cp312-musllinux_1_2_aarch64.whl", hash = "sha256:be8813b57049a7dc738189df53d69395eba14fb99345e0a5994914a3864c8a4b", size = 23760, upload-time = "2025-09-27T18:36:36.001Z" },
    { url = "https://files.pythonhosted.org/packages/89/e0/4486f11e51bbba8b0c041098859e869e304d1c261e59244baa3d295d47b7/markupsafe-3.0.3-cp312-cp312-musllinux_1_2_x86_64.whl", hash = "sha256:77f0643abe7495da77fb436f50f8dab76dbc6e5fd25d39589a0f1fe6548bfa2b", size = 23015, upload-time = "2025-09-27T18:36:37.868Z" },
]

[[package]]
name = "mpmath"
version = "1.3.0"
source = { registry = "https://pypi.org/simple" }
sdist = { url = "https://files.pythonhosted.org/packages/e0/47/dd32fa426cc72114383ac549964eecb20ecfd886d1e5ccf5340b55b02f57/mpmath-1.3.0.tar.gz", hash = "sha256:7a28eb2a9774d00c7bc92411c19a89209d5da7c4c9a9e227be8330a23a25b91f", size = 508106, upload-time = "2023-03-07T16:47:11.061Z" }
wheels = [
    { url = "https://files.pythonhosted.org/packages/43/e3/7d92a15f894aa0c9c4b49b8ee9ac9850d6e63b03c9c32c0367a13ae62209/mpmath-1.3.0-py3-none-any.whl", hash = "sha256:a0b2b9fe80bbcd81a6647ff13108738cfb482d481d826cc0e02f5b35e5c88d2c", size = 536198, upload-time = "2023-03-07T16:47:09.197Z" },
]

[[package]]
name = "networkx"
version = "3.6.1"
source = { registry = "https://pypi.org/simple" }
sdist = { url = "https://files.pythonhosted.org/packages/6a/51/63fe664f3908c97be9d2e4f1158eb633317598cfa6e1fc14af5383f17512/networkx-3.6.1.tar.gz", hash = "sha256:26b7c357accc0c8cde558ad486283728b65b6a95d85ee1cd66bafab4c8168509", size = 2517025, upload-time = "2025-12-08T17:02:39.908Z" }
wheels = [
    { url = "https://files.pythonhosted.org/packages/9e/c9/b2622292ea83fbb4ec318f5b9ab867d0a28ab43c5717bb85b0a5f6b3b0a4/networkx-3.6.1-py3-none-any.whl", hash = "sha256:d47fbf302e7d9cbbb9e2555a0d267983d2aa476bac30e90dfbe5669bd57f3762", size = 2068504, upload-time = "2025-12-08T17:02:38.159Z" },
]

[[package]]
name = "numpy"
version = "2.5.3"
source = { registry = "https://pypi.org/simple" }
sdist = { url = "https://files.pythonhosted.org/packages/13/01/11703282db468b85f6f7b8c7f22d058de5970d5c7e60a3a8aaa313c3de36/numpy-2.5.3.tar.gz", hash = "sha256:df2d5874ff183595a4ba404edd04f6bd9b5505c1d7708573f6a6c17489a67563", size = 20791231, upload-time = "2026-09-06T16:27:47.073Z" }
wheels = [
    { url = "https://files.pythonhosted.org/packages/f1/32/84146fc020ad3c25f805f70ab60da46fe3c540a21369754a7e4369754b6f/numpy-2.5.3-cp312-cp312-manylinux_2_27_aarch64.manylinux_2_28_aarch64.whl", hash = "sha256:76c2c1e6bfa5c84adc6434dfbf013aa92096a7985221762c8f11fedfd20fff58", size = 15687872, upload-time = "2026-09-06T16:24:39.751Z" },
    { url = "https://files.pythonhosted.org/packages/65/af/aa78d1a88805456e212b65461354cd943197fb9acecc4c90fd12295123a3/numpy-2.5.3-cp312-cp312-manylinux_2_27_x86_64.manylinux_2_28_x86_64.whl", hash = "sha256:b7e18c623bb5c95acb3b3328861272816ba199fb531921c5d6d0b675f1fde9e3", size = 16717410, upload-time = "2026-09-06T16:24:42.745Z" },
    { url = "https://files.pythonhosted.org/packages/3b/24/faa79d865e69a97ba17473b23a1b74094b2259c03e820c70297293b9ea49/numpy-2.5.3-cp312-cp312-musllinux_1_2_aarch64.whl", hash = "sha256:4f8929ee6c96bfbd7b4ed2032e0c03af86fe1826740ab61ddabf9072d06e57ff", size = 17040975, upload-time = "2026-09-06T16:24:45.961Z" },
    { url = "https://files.pythonhosted.org/packages/62/4a/8877e629445a7176297dffcaf9c485faa96a95d81728a62521ad55bd4c0f/numpy-2.5.3-cp312-cp312-musllinux_1_2_x86_64.whl", hash = "sha256:b5d93cf48f687479941d12b69c873ad2cc76bbd487f0091c2200636497f34034", size = 18476479, upload-time = "2026-09-06T16:24:49.35Z" },
]

[[package]]
name = "nvidia-cublas-cu12"
version = "12.8.4.1"
source = { registry = "https://pypi.org/simple" }
wheels = [
    { url = "https://files.pythonhosted.org/packages/29/99/db44d685f0e257ff0e213ade1964fc459b4a690a73293220e98feb3307cf/nvidia_cublas_cu12-12.8.4.1-py3-none-manylinux_2_27_aarch64.whl", hash = "sha256:b86f6dd8935884615a0683b663891d43781b819ac4f2ba2b0c9604676af346d0", size = 590537124, upload-time = "2025-03-07T01:43:53.556Z" },
    { url = "https://files.pythonhosted.org/packages/dc/61/e24b560ab2e2eaeb3c839129175fb330dfcfc29e5203196e5541a4c44682/nvidia_cublas_cu12-12.8.4.1-py3-none-manylinux_2_27_x86_64.whl", hash = "sha256:8ac4e771d5a348c551b2a426eda6193c19aa630236b418086020df5ba9667142", size = 594346921, upload-time = "2025-03-07T01:44:31.254Z" },
]

[[package]]
name = "nvidia-cuda-cupti-cu12"
version = "12.8.90"
source = { registry = "https://pypi.org/simple" }
wheels = [
    { url = "https://files.pythonhosted.org/packages/d5/1f/b3bd73445e5cb342727fd24fe1f7b748f690b460acadc27ea22f904502c8/nvidia_cuda_cupti_cu12-12.8.90-py3-none-manylinux2014_aarch64.manylinux_2_17_aarch64.whl", hash = "sha256:4412396548808ddfed3f17a467b104ba7751e6b58678a4b840675c56d21cf7ed", size = 9533318, upload-time = "2025-03-07T01:40:10.421Z" },
    { url = "https://files.pythonhosted.org/packages/f8/02/2adcaa145158bf1a8295d83591d22e4103dbfd821bcaf6f3f53151ca4ffa/nvidia_cuda_cupti_cu12-12.8.90-py3-none-manylinux2014_x86_64.manylinux_2_17_x86_64.whl", hash = "sha256:ea0cb07ebda26bb9b29ba82cda34849e73c166c18162d3913575b0c9db9a6182", size = 10248621, upload-time = "2025-03-07T01:40:21.213Z" },
]

[[package]]
name = "nvidia-cuda-nvrtc-cu12"
version = "12.8.93"
source = { registry = "https://pypi.org/simple" }
wheels = [
    { url = "https://files.pythonhosted.org/packages/05/6b/32f747947df2da6994e999492ab306a903659555dddc0fbdeb9d71f75e52/nvidia_cuda_nvrtc_cu12-12.8.93-py3-none-manylinux2010_x86_64.manylinux_2_12_x86_64.whl", hash = "sha256:a7756528852ef889772a84c6cd89d41dfa74667e24cca16bb31f8f061e3e9994", size = 88040029, upload-time = "2025-03-07T01:42:13.562Z" },
    { url = "https://files.pythonhosted.org/packages/eb/d1/e50d0acaab360482034b84b6e27ee83c6738f7d32182b987f9c7a4e32962/nvidia_cuda_nvrtc_cu12-12.8.93-py3-none-manylinux2014_aarch64.manylinux_2_17_aarch64.whl", hash = "sha256:fc1fec1e1637854b4c0a65fb9a8346b51dd9ee69e61ebaccc82058441f15bce8", size = 43106076, upload-time = "2025-03-07T01:41:59.817Z" },
]

[[package]]
name = "nvidia-cuda-runtime-cu12"
version = "12.8.90"
source = { registry = "https://pypi.org/simple" }
wheels = [
    { url = "https://files.pythonhosted.org/packages/7c/75/f865a3b236e4647605ea34cc450900854ba123834a5f1598e160b9530c3a/nvidia_cuda_runtime_cu12-12.8.90-py3-none-manylinux2014_aarch64.manylinux_2_17_aarch64.whl", hash = "sha256:52bf7bbee900262ffefe5e9d5a2a69a30d97e2bc5bb6cc866688caa976966e3d", size = 965265, upload-time = "2025-03-07T01:39:43.533Z" },
    { url = "https://files.pythonhosted.org/packages/0d/9b/a997b638fcd068ad6e4d53b8551a7d30fe8b404d6f1804abf1df69838932/nvidia_cuda_runtime_cu12-12.8.90-py3-none-manylinux2014_x86_64.manylinux_2_17_x86_64.whl", hash = "sha256:adade8dcbd0edf427b7204d480d6066d33902cab2a4707dcfc48a2d0fd44ab90", size = 954765, upload-time = "2025-03-07T01:40:01.615Z" },
]

[[package]]
name = "nvidia-cudnn-cu12"
version = "9.10.2.21"
source = { registry = "https://pypi.org/simple" }
dependencies = [
    { name = "nvidia-cublas-cu12" },
]
wheels = [
    { url = "https://files.pythonhosted.org/packages/fa/41/e79269ce215c857c935fd86bcfe91a451a584dfc27f1e068f568b9ad1ab7/nvidia_cudnn_cu12-9.10.2.21-py3-none-manylinux_2_27_aarch64.whl", hash = "sha256:c9132cc3f8958447b4910a1720036d9eff5928cc3179b0a51fb6d167c6cc87d8", size = 705026878, upload-time = "2025-06-06T21:52:51.348Z" },
    { url = "https://files.pythonhosted.org/packages/ba/51/e123d997aa098c61d029f76663dedbfb9bc8dcf8c60cbd6adbe42f76d049/nvidia_cudnn_cu12-9.10.2.21-py3-none-manylinux_2_27_x86_64.whl", hash = "sha256:949452be657fa16687d0930933f032835951ef0892b37d2d53824d1a84dc97a8", size = 706758467, upload-time = "2025-06-06T21:54:08.597Z" },
]

[[package]]
name = "nvidia-cufft-cu12"
version = "11.3.3.83"
source = { registry = "https://pypi.org/simple" }
dependencies = [
    { name = "nvidia-nvjitlink-cu12" },
]
wheels = [
    { url = "https://files.pythonhosted.org/packages/60/bc/7771846d3a0272026c416fbb7e5f4c1f146d6d80704534d0b187dd6f4800/nvidia_cufft_cu12-11.3.3.83-py3-none-manylinux2014_aarch64.manylinux_2_17_aarch64.whl", hash = "sha256:848ef7224d6305cdb2a4df928759dca7b1201874787083b6e7550dd6765ce69a", size = 193109211, upload-time = "2025-03-07T01:44:56.873Z" },
    { url = "https://files.pythonhosted.org/packages/1f/13/ee4e00f30e676b66ae65b4f08cb5bcbb8392c03f54f2d5413ea99a5d1c80/nvidia_cufft_cu12-11.3.3.83-py3-none-manylinux2014_x86_64.manylinux_2_17_x86_64.whl", hash = "sha256:4d2dd21ec0b88cf61b62e6b43564355e5222e4a3fb394cac0db101f2dd0d4f74", size = 193118695, upload-time = "2025-03-07T01:45:27.821Z" },
]

[[package]]
name = "nvidia-cufile-cu12"
version = "1.13.1.3"
source = { registry = "https://pypi.org/simple" }
wheels = [
    { url = "https://files.pythonhosted.org/packages/bb/fe/1bcba1dfbfb8d01be8d93f07bfc502c93fa23afa6fd5ab3fc7c1df71038a/nvidia_cufile_cu12-1.13.1.3-py3-none-manylinux2014_x86_64.manylinux_2_17_x86_64.whl", hash = "sha256:1d069003be650e131b21c932ec3d8969c1715379251f8d23a1860554b1cb24fc", size = 1197834, upload-time = "2025-03-07T01:45:50.723Z" },
    { url = "https://files.pythonhosted.org/packages/1e/f5/5607710447a6fe9fd9b3283956fceeee8a06cda1d2f56ce31371f595db2a/nvidia_cufile_cu12-1.13.1.3-py3-none-manylinux_2_27_aarch64.whl", hash = "sha256:4beb6d4cce47c1a0f1013d72e02b0994730359e17801d395bdcbf20cfb3bb00a", size = 1120705, upload-time = "2025-03-07T01:45:41.434Z" },
]

[[package]]
name = "nvidia-curand-cu12"
version = "10.3.9.90"
source = { registry = "https://pypi.org/simple" }
wheels = [
    { url = "https://files.pythonhosted.org/packages/45/5e/92aa15eca622a388b80fbf8375d4760738df6285b1e92c43d37390a33a9a/nvidia_curand_cu12-10.3.9.90-py3-none-manylinux_2_27_aarch64.whl", hash = "sha256:dfab99248034673b779bc6decafdc3404a8a6f502462201f2f31f11354204acd", size = 63625754, upload-time = "2025-03-07T01:46:10.735Z" },
    { url = "https://files.pythonhosted.org/packages/fb/aa/6584b56dc84ebe9cf93226a5cde4d99080c8e90ab40f0c27bda7a0f29aa1/nvidia_curand_cu12-10.3.9.90-py3-none-manylinux_2_27_x86_64.whl", hash = "sha256:b32331d4f4df5d6eefa0554c565b626c7216f87a06a4f56fab27c3b68a830ec9", size = 63619976, upload-time = "2025-03-07T01:46:23.323Z" },
]

[[package]]
name = "nvidia-cusolver-cu12"
version = "11.7.3.90"
source = { registry = "https://pypi.org/simple" }
dependencies = [
    { name = "nvidia-cublas-cu12" },
    { name = "nvidia-cusparse-cu12" },
    { name = "nvidia-nvjitlink-cu12" },
]
wheels = [
    { url = "https://files.pythonhosted.org/packages/c8/32/f7cd6ce8a7690544d084ea21c26e910a97e077c9b7f07bf5de623ee19981/nvidia_cusolver_cu12-11.7.3.90-py3-none-manylinux_2_27_aarch64.whl", hash = "sha256:db9ed69dbef9715071232caa9b69c52ac7de3a95773c2db65bdba85916e4e5c0", size = 267229841, upload-time = "2025-03-07T01:46:54.356Z" },
    { url = "https://files.pythonhosted.org/packages/85/48/9a13d2975803e8cf2777d5ed57b87a0b6ca2cc795f9a4f59796a910bfb80/nvidia_cusolver_cu12-11.7.3.90-py3-none-manylinux_2_27_x86_64.whl", hash = "sha256:4376c11ad263152bd50ea295c05370360776f8c3427b30991df774f9fb26c450", size = 267506905, upload-time = "2025-03-07T01:47:16.273Z" },
]

[[package]]
name = "nvidia-cusparse-cu12"
version = "12.5.8.93"
source = { registry = "https://pypi.org/simple" }
dependencies = [
    { name = "nvidia-nvjitlink-cu12" },
]
wheels = [
    { url = "https://files.pythonhosted.org/packages/bc/f7/cd777c4109681367721b00a106f491e0d0d15cfa1fd59672ce580ce42a97/nvidia_cusparse_cu12-12.5.8.93-py3-none-manylinux2014_aarch64.manylinux_2_17_aarch64.whl", hash = "sha256:9b6c161cb130be1a07a27ea6923df8141f3c295852f4b260c65f18f3e0a091dc", size = 288117129, upload-time = "2025-03-07T01:47:40.407Z" },
    { url = "https://files.pythonhosted.org/packages/c2/f5/e1854cb2f2bcd4280c44736c93550cc300ff4b8c95ebe370d0aa7d2b473d/nvidia_cusparse_cu12-12.5.8.93-py3-none-manylinux2014_x86_64.manylinux_2_17_x86_64.whl", hash = "sha256:1ec05d76bbbd8b61b06a80e1eaf8cf4959c3d4ce8e711b65ebd0443bb0ebb13b", size = 288216466, upload-time = "2025-03-07T01:48:13.779Z" },
]

[[package]]
name = "nvidia-cusparselt-cu12"
version = "0.7.1"
source = { registry = "https://pypi.org/simple" }
wheels = [
    { url = "https://files.pythonhosted.org/packages/73/b9/598f6ff36faaece4b3c50d26f50e38661499ff34346f00e057760b35cc9d/nvidia_cusparselt_cu12-0.7.1-py3-none-manylinux2014_aarch64.whl", hash = "sha256:8878dce784d0fac90131b6817b607e803c36e629ba34dc5b433471382196b6a5", size = 283835557, upload-time = "2025-02-26T00:16:54.265Z" },
    { url = "https://files.pythonhosted.org/packages/56/79/12978b96bd44274fe38b5dde5cfb660b1d114f70a65ef962bcbbed99b549/nvidia_cusparselt_cu12-0.7.1-py3-none-manylinux2014_x86_64.whl", hash = "sha256:f1bb701d6b930d5a7cea44c19ceb973311500847f81b634d802b7b539dc55623", size = 287193691, upload-time = "2025-02-26T00:15:44.104Z" },
]

[[package]]
name = "nvidia-nccl-cu12"
version = "2.27.5"
source = { registry = "https://pypi.org/simple" }
wheels = [
    { url = "https://files.pythonhosted.org/packages/bb/1c/857979db0ef194ca5e21478a0612bcdbbe59458d7694361882279947b349/nvidia_nccl_cu12-2.27.5-py3-none-manylinux2014_aarch64.manylinux_2_17_aarch64.whl", hash = "sha256:31432ad4d1fb1004eb0c56203dc9bc2178a1ba69d1d9e02d64a6938ab5e40e7a", size = 322400625, upload-time = "2025-06-26T04:11:04.496Z" },
    { url = "https://files.pythonhosted.org/packages/6e/89/f7a07dc961b60645dbbf42e80f2bc85ade7feb9a491b11a1e973aa00071f/nvidia_nccl_cu12-2.27.5-py3-none-manylinux2014_x86_64.manylinux_2_17_x86_64.whl", hash = "sha256:ad730cf15cb5d25fe849c6e6ca9eb5b76db16a80f13f425ac68d8e2e55624457", size = 322348229, upload-time = "2025-06-26T04:11:28.385Z" },
]

[[package]]
name = "nvidia-nvjitlink-cu12"
version = "12.8.93"
source = { registry = "https://pypi.org/simple" }
wheels = [
    { url = "https://files.pythonhosted.org/packages/f6/74/86a07f1d0f42998ca31312f998bd3b9a7eff7f52378f4f270c8679c77fb9/nvidia_nvjitlink_cu12-12.8.93-py3-none-manylinux2010_x86_64.manylinux_2_12_x86_64.whl", hash = "sha256:81ff63371a7ebd6e6451970684f916be2eab07321b73c9d244dc2b4da7f73b88", size = 39254836, upload-time = "2025-03-07T01:49:55.661Z" },
    { url = "https://files.pythonhosted.org/packages/2a/a2/8cee5da30d13430e87bf99bb33455d2724d0a4a9cb5d7926d80ccb96d008/nvidia_nvjitlink_cu12-12.8.93-py3-none-manylinux2014_aarch64.manylinux_2_17_aarch64.whl", hash = "sha256:adccd7161ace7261e01bb91e44e88da350895c270d23f744f0820c818b7229e7", size = 38386204, upload-time = "2025-03-07T01:49:43.612Z" },
]

[[package]]
name = "nvidia-nvshmem-cu12"
version = "3.4.5"
source = { registry = "https://pypi.org/simple" }
wheels = [
    { url = "https://files.pythonhosted.org/packages/1d/6a/03aa43cc9bd3ad91553a88b5f6fb25ed6a3752ae86ce2180221962bc2aa5/nvidia_nvshmem_cu12-3.4.5-py3-none-manylinux2014_aarch64.manylinux_2_17_aarch64.whl", hash = "sha256:0b48363fc6964dede448029434c6abed6c5e37f823cb43c3bcde7ecfc0457e15", size = 138936938, upload-time = "2025-09-06T00:32:05.589Z" },
    { url = "https://files.pythonhosted.org/packages/b5/09/6ea3ea725f82e1e76684f0708bbedd871fc96da89945adeba65c3835a64c/nvidia_nvshmem_cu12-3.4.5-py3-none-manylinux2014_x86_64.manylinux_2_17_x86_64.whl", hash = "sha256:042f2500f24c021db8a06c5eec2539027d57460e1c1a762055a6554f72c369bd", size = 139103095, upload-time = "2025-09-06T00:32:31.266Z" },
]

[[package]]
name = "nvidia-nvtx-cu12"
version = "12.8.90"
source = { registry = "https://pypi.org/simple" }
wheels = [
    { url = "https://files.pythonhosted.org/packages/10/c0/1b303feea90d296f6176f32a2a70b5ef230f9bdeb3a72bddb0dc922dc137/nvidia_nvtx_cu12-12.8.90-py3-none-manylinux2014_aarch64.manylinux_2_17_aarch64.whl", hash = "sha256:d7ad891da111ebafbf7e015d34879f7112832fc239ff0d7d776b6cb685274615", size = 91161, upload-time = "2025-03-07T01:42:23.922Z" },
    { url = "https://files.pythonhosted.org/packages/a2/eb/86626c1bbc2edb86323022371c39aa48df6fd8b0a1647bc274577f72e90b/nvidia_nvtx_cu12-12.8.90-py3-none-manylinux2014_x86_64.manylinux_2_17_x86_64.whl", hash = "sha256:5b17e2001cc0d751a5bc2c6ec6d26ad95913324a4adb86788c944f8ce9ba441f", size = 89954, upload-time = "2025-03-07T01:42:44.131Z" },
]

[[package]]
name = "opencv-python-headless"
version = "4.14.0.94"
source = { registry = "https://pypi.org/simple" }
dependencies = [
    { name = "numpy" },
]
sdist = { url = "https://files.pythonhosted.org/packages/67/8a/51ff1c6287be0b6cd3070cf095875da4ff7d6eda38507e6ada5608786a78/opencv_python_headless-4.14.0.94.tar.gz", hash = "sha256:4afa2ea1214453648be88259f035712454faa9039b686de7753569ba8eec1577", size = 96405664, upload-time = "2026-07-28T19:23:48.758Z" }
wheels = [
    { url = "https://files.pythonhosted.org/packages/7d/91/83c51e3fe000b5dfce4f3be5c5d320e07ebab5c1742abc4e45674503f90f/opencv_python_headless-4.14.0.94-cp37-abi3-manylinux2014_aarch64.manylinux_2_17_aarch64.whl", hash = "sha256:29714d7716dbfddf9fec20ffb878765e94ccaecd7d3ebd6750877420296e2dc5", size = 35405458, upload-time = "2026-07-28T19:19:29.997Z" },
    { url = "https://files.pythonhosted.org/packages/de/06/14c8c5d331bc72738683a9b227966aceaa4c6d08752f33d64578aebcb6f8/opencv_python_headless-4.14.0.94-cp37-abi3-manylinux2014_x86_64.manylinux_2_17_x86_64.whl", hash = "sha256:5e02669eac0ba67b2a22d7245af1e8ee1a2ef1185ee526a063d8f0555224bd52", size = 57534165, upload-time = "2026-07-28T19:19:52.742Z" },
    { url = "https://files.pythonhosted.org/packages/3f/0e/0b98bd582582253f61c4506f9b465cf5a8aa7fa4f7237dd99e1b5151a159/opencv_python_headless-4.14.0.94-cp37-abi3-manylinux_2_28_aarch64.whl", hash = "sha256:97c6e818c6f71c0cfa214e12293b1d0266d679c38f4e086de08357c8ac6ece0d", size = 38104309, upload-time = "2026-07-28T19:20:08.818Z" },
    { url = "https://files.pythonhosted.org/packages/ae/ce/7f538891722a4f06921419d55bac6f41729258d54442861edb2de0dbdf5e/opencv_python_headless-4.14.0.94-cp37-abi3-manylinux_2_28_x86_64.whl", hash = "sha256:211e581f5a4670acbbe08fff36a35e9946039d2eea28b80394632d036d1be527", size = 61960165, upload-time = "2026-07-28T19:20:33.074Z" },
]

[[package]]
name = "packaging"
version = "26.3"
source = { registry = "https://pypi.org/simple" }
sdist = { url = "https://files.pythonhosted.org/packages/7d/fa/3944b40b07da9ce895c0e6303a5ab7d53da063554f534556b134a54d6093/packaging-26.3.tar.gz", hash = "sha256:94edc256424af38762eb31306eed28beb9f0efc50a8837492c9d6fd6004aed79", size = 313412, upload-time = "2026-08-04T18:15:28.737Z" }
wheels = [
    { url = "https://files.pythonhosted.org/packages/63/34/ba1c580383c9eada3711951fef0795c80b829a078d72188184bcab9dd527/packaging-26.3-py3-none-any.whl", hash = "sha256:d7193f7c8e4e93f444fde0262bf90af30e16fa0ad0ad44cb553c87339b23cd1c", size = 129956, upload-time = "2026-08-04T18:15:27.159Z" },
]

[[package]]
name = "pillow"
version = "12.3.0"
source = { registry = "https://pypi.org/simple" }
sdist = { url = "https://files.pythonhosted.org/packages/1c/3d/bb7fca845737cf9d7dbde16ed1843984665ff2e0a518f5db43e77ec540b9/pillow-12.3.0.tar.gz", hash = "sha256:3b8182a766685eaa002637e28b4ec8d6b18819a0c71f579bf0dbaa5830297cce", size = 47025035, upload-time = "2026-07-01T11:56:38.965Z" }
wheels = [
    { url = "https://files.pythonhosted.org/packages/25/27/ac8f99618ffd3dde21db0f4d4b1d2ab00c0880595bfd17df103f7f39fd0c/pillow-12.3.0-cp312-cp312-manylinux_2_27_aarch64.manylinux_2_28_aarch64.whl", hash = "sha256:d9c7f76c0673154f044e9d78c8655fb4213f6ca31a836df48b40fe5d187717b9", size = 6266838, upload-time = "2026-07-01T11:54:11.71Z" },
    { url = "https://files.pythonhosted.org/packages/84/21/a35af28dcc61f37ed850a2d64c65c701321dfbf25085e469d5559360cbbf/pillow-12.3.0-cp312-cp312-manylinux_2_27_x86_64.manylinux_2_28_x86_64.whl", hash = "sha256:78cb2c6865a35ab8ff8b75fd122f6033b92a62c82801110e48ddd6c936a45d91", size = 6940830, upload-time = "2026-07-01T11:54:13.732Z" },
    { url = "https://files.pythonhosted.org/packages/eb/51/8b08617af3ad95e33ce6d7dd2c99ed6c8298f7fb131636303956be022e25/pillow-12.3.0-cp312-cp312-musllinux_1_2_aarch64.whl", hash = "sha256:e491916b378fba47242221bb9ead245211b70d504f495d105d17b14a24b4907c", size = 6344383, upload-time = "2026-07-01T11:54:15.756Z" },
    { url = "https://files.pythonhosted.org/packages/1d/72/cf78ac9780bb93c28328f408973845a309d4d145041665f734572ced1b52/pillow-12.3.0-cp312-cp312-musllinux_1_2_x86_64.whl", hash = "sha256:0dd2064cbc55aaec028ef5fbb60fa47bb6c3e7918e07ff17935284b227a9d2df", size = 7052934, upload-time = "2026-07-01T11:54:17.721Z" },
]

[[package]]
name = "pluggy"
version = "1.6.0"
source = { registry = "https://pypi.org/simple" }
sdist = { url = "https://files.pythonhosted.org/packages/f9/e2/3e91f31a7d2b083fe6ef3fa267035b518369d9511ffab804f839851d2779/pluggy-1.6.0.tar.gz", hash = "sha256:7dcc130b76258d33b90f61b658791dede3486c3e6bfb003ee5c9bfb396dd22f3", size = 69412, upload-time = "2025-05-15T12:30:07.975Z" }
wheels = [
    { url = "https://files.pythonhosted.org/packages/54/20/4d324d65cc6d9205fabedc306948156824eb9f0ee1633355a8f7ec5c66bf/pluggy-1.6.0-py3-none-any.whl", hash = "sha256:e920276dd6813095e9377c0bc5566d94c932c33b27a3e3945d8389c374dd4746", size = 20538, upload-time = "2025-05-15T12:30:06.134Z" },
]

[[package]]
name = "protobuf"
version = "7.36.2"
source = { registry = "https://pypi.org/simple" }
sdist = { url = "https://files.pythonhosted.org/packages/d9/89/5b8517baa72f84a67b8a307ba953c91057af618bf40bf676f3c03551f8f0/protobuf-7.36.2.tar.gz", hash = "sha256:497d0463ff3316681da6c0b9e8d06cb465d61abce00b613ab42226175644d1bb", size = 512737, upload-time = "2026-09-17T20:07:59.326Z" }
wheels = [
    { url = "https://files.pythonhosted.org/packages/b6/ea/91fdf7c2b8bbd49cde056f00a9df6773532987e1c00fe2830b895af95c7e/protobuf-7.36.2-cp310-abi3-manylinux2014_aarch64.whl", hash = "sha256:e11e1f0180583a2af89db6a2ecd9e8dc40aa6d2988ca175bfd0e6d12ea72d74e", size = 344219, upload-time = "2026-09-17T20:07:52.914Z" },
    { url = "https://files.pythonhosted.org/packages/db/f3/3996583dd2906297a637af12114deddf7658af6e683fedb83be061983fb5/protobuf-7.36.2-cp310-abi3-manylinux2014_x86_64.whl", hash = "sha256:89f23aa53c24553a2416fd4fd1ec06f74fa42b14b546d8883128813f775bbfd2", size = 343223, upload-time = "2026-09-17T20:07:54.931Z" },
    { url = "https://files.pythonhosted.org/packages/e4/04/d52c7016b04b6c5108f26691f9d33ec82a9b65d041f1a9c771137693d618/protobuf-7.36.2-py3-none-any.whl", hash = "sha256:bdb3a345d48db958e6ce1f18e508beb0cc981d64f24088427549c866cd039f1e", size = 179806, upload-time = "2026-09-17T20:07:58.211Z" },
]

[[package]]
name = "pycocotools"
version = "2.0.11"
source = { registry = "https://pypi.org/simple" }
dependencies = [
    { name = "numpy" },
]
sdist = { url = "https://files.pythonhosted.org/packages/a2/df/32354b5dda963ffdfc8f75c9acf8828ef7890723a4ed57bb3ff2dc1d6f7e/pycocotools-2.0.11.tar.gz", hash = "sha256:34254d76da85576fcaf5c1f3aa9aae16b8cb15418334ba4283b800796bd1993d", size = 25381, upload-time = "2025-12-15T22:31:46.148Z" }
wheels = [
    { url = "https://files.pythonhosted.org/packages/63/3c/68d7ea376aada9046e7ea2d7d0dad0d27e1ae8b4b3c26a28346689390ab2/pycocotools-2.0.11-cp312-abi3-manylinux2014_aarch64.manylinux_2_17_aarch64.manylinux_2_28_aarch64.whl", hash = "sha256:7fd4121766cc057133534679c0ec3f9023dbd96e9b31cf95c86a069ebdac2b65", size = 398434, upload-time = "2025-12-15T22:31:12.558Z" },
    { url = "https://files.pythonhosted.org/packages/23/59/dc81895beff4e1207a829d40d442ea87cefaac9f6499151965f05c479619/pycocotools-2.0.11-cp312-abi3-manylinux2014_x86_64.manylinux_2_17_x86_64.manylinux_2_28_x86_64.whl", hash = "sha256:a82d1c9ed83f75da0b3f244f2a3cf559351a283307bd9b79a4ee2b93ab3231dd", size = 411685, upload-time = "2025-12-15T22:31:13.995Z" },
    { url = "https://files.pythonhosted.org/packages/0b/0b/5a8a7de300862a2eb5e2ecd3cb015126231379206cd3ebba8f025388d770/pycocotools-2.0.11-cp312-abi3-musllinux_1_2_aarch64.whl", hash = "sha256:89e853425018e2c2920ee0f2112cf7c140a1dcf5f4f49abd9c2da112c3e0f4b3", size = 390500, upload-time = "2025-12-15T22:31:15.138Z" },
    { url = "https://files.pythonhosted.org/packages/63/b5/519bb68647f06feea03d5f355c33c05800aeae4e57b9482b2859eb00752e/pycocotools-2.0.11-cp312-abi3-musllinux_1_2_x86_64.whl", hash = "sha256:87af87b8d06d5b852a885a319d9362dca3bed9f8bbcc3feb6513acb1f88ea242", size = 409790, upload-time = "2025-12-15T22:31:16.326Z" },
]

[[package]]
name = "pygments"
version = "2.21.0"
source = { registry = "https://pypi.org/simple" }
sdist = { url = "https://files.pythonhosted.org/packages/49/2e/ced460408999b33da6b31b0021b0f37d329e202d4169aeb164493778f25b/pygments-2.21.0.tar.gz", hash = "sha256:610ca751c9bc2492b38eb9a38a7fbc93edbbb2d7182edaf34e66ae493dee5c8c", size = 5005329, upload-time = "2026-08-17T08:02:48.824Z" }
wheels = [
    { url = "https://files.pythonhosted.org/packages/71/46/17f022dd3e953bf20a04a028a21ec746d942f8d2af30fa0f124fa0e6a684/pygments-2.21.0-py3-none-any.whl", hash = "sha256:2363c69b61c4a97c838da3b130dcd6468f4848992b21a82f2a63ec34377137d9", size = 1250147, upload-time = "2026-08-17T08:02:44.912Z" },
]

[[package]]
name = "pytest"
version = "9.1.1"
source = { registry = "https://pypi.org/simple" }
dependencies = [
    { name = "iniconfig" },
    { name = "packaging" },
    { name = "pluggy" },
    { name = "pygments" },
]
sdist = { url = "https://files.pythonhosted.org/packages/e4/47/b9efed96c114afcfa3c9d3fe98a76a1d14c74a9e266d397cf6eb64be5e01/pytest-9.1.1.tar.gz", hash = "sha256:1088fbde8f2b49d95a549a195707afa7a76a3ce9bcadc26b6d71f0ffda5fe313", size = 1636369, upload-time = "2026-06-19T10:58:32.857Z" }
wheels = [
    { url = "https://files.pythonhosted.org/packages/24/25/1de2678b631f5a49215c6c96fff41ba892b0a34df68d6d80292b1b48aa7f/pytest-9.1.1-py3-none-any.whl", hash = "sha256:37a86b45efb9a47a61a36449063e8e18d0cab3161329fc099eb21783169c4f0c", size = 386536, upload-time = "2026-06-19T10:58:31.347Z" },
]

[[package]]
name = "pyyaml"
version = "6.0.3"
source = { registry = "https://pypi.org/simple" }
sdist = { url = "https://files.pythonhosted.org/packages/05/8e/961c0007c59b8dd7729d542c61a4d537767a59645b82a0b521206e1e25c2/pyyaml-6.0.3.tar.gz", hash = "sha256:d76623373421df22fb4cf8817020cbb7ef15c725b9d5e45f17e189bfc384190f", size = 130960, upload-time = "2025-09-25T21:33:16.546Z" }
wheels = [
    { url = "https://files.pythonhosted.org/packages/ed/23/7a778b6bd0b9a8039df8b1b1d80e2e2ad78aa04171592c8a5c43a56a6af4/pyyaml-6.0.3-cp312-cp312-manylinux2014_aarch64.manylinux_2_17_aarch64.manylinux_2_28_aarch64.whl", hash = "sha256:9149cad251584d5fb4981be1ecde53a1ca46c891a79788c0df828d2f166bda28", size = 775116, upload-time = "2025-09-25T21:32:13.652Z" },
    { url = "https://files.pythonhosted.org/packages/8b/9d/b3589d3877982d4f2329302ef98a8026e7f4443c765c46cfecc8858c6b4b/pyyaml-6.0.3-cp312-cp312-manylinux2014_x86_64.manylinux_2_17_x86_64.manylinux_2_28_x86_64.whl", hash = "sha256:ba1cc08a7ccde2d2ec775841541641e4548226580ab850948cbfda66a1befcdc", size = 807870, upload-time = "2025-09-25T21:32:16.431Z" },
    { url = "https://files.pythonhosted.org/packages/05/c0/b3be26a015601b822b97d9149ff8cb5ead58c66f981e04fedf4e762f4bd4/pyyaml-6.0.3-cp312-cp312-musllinux_1_2_aarch64.whl", hash = "sha256:8dc52c23056b9ddd46818a57b78404882310fb473d63f17b07d5c40421e47f8e", size = 761089, upload-time = "2025-09-25T21:32:17.56Z" },
    { url = "https://files.pythonhosted.org/packages/be/8e/98435a21d1d4b46590d5459a22d88128103f8da4c2d4cb8f14f2a96504e1/pyyaml-6.0.3-cp312-cp312-musllinux_1_2_x86_64.whl", hash = "sha256:41715c910c881bc081f1e8872880d3c650acf13dfa8214bad49ed4cede7c34ea", size = 790181, upload-time = "2025-09-25T21:32:18.834Z" },
]

[[package]]
name = "ruff"
version = "0.16.8"
source = { registry = "https://pypi.org/simple" }
sdist = { url = "https://files.pythonhosted.org/packages/ba/78/449cb84790bd5cc3823b2652ee405a4558856e5c4195aee3a16bf7b3eb5d/ruff-0.16.8.tar.gz", hash = "sha256:9247bf92b5f04d825c8639a4fe423ec2e4222acd9222e58412b0dab7e442798b", size = 4938814, upload-time = "2026-09-16T15:54:46.688Z" }
wheels = [
    { url = "https://files.pythonhosted.org/packages/23/f2/311a08776d75d81c7676e20b6b020ae63cbe881fcdc7a8dd64e6e18bdd93/ruff-0.16.8-py3-none-manylinux_2_17_aarch64.manylinux2014_aarch64.whl", hash = "sha256:8efeae3bbe414a5efefda11a792dfb51ef90ac48d50c4830de2f644caf3e8659", size = 9986558, upload-time = "2026-09-16T15:54:06.804Z" },
    { url = "https://files.pythonhosted.org/packages/1a/41/d83af9879a7b6e8bf5fe16b1da0b134049d2f5d3afac12defb0897cb84bd/ruff-0.16.8-py3-none-manylinux_2_17_x86_64.manylinux2014_x86_64.whl", hash = "sha256:15e7d226246961db9235098333caa13063906d3851136b84c2900b82f5daa1df", size = 10323796, upload-time = "2026-09-16T15:54:20.743Z" },
    { url = "https://files.pythonhosted.org/packages/f3/9d/76a2e26c79a23be6e6e3664c57bec9e9fc8de155cfb9e4b67ea91b64f9d7/ruff-0.16.8-py3-none-musllinux_1_2_aarch64.whl", hash = "sha256:6ca111ba0849539165e9e59d2b442542f3c1e8060ebbdea82494f1ffbccb1e1f", size = 10072582, upload-time = "2026-09-16T15:54:26.185Z" },
    { url = "https://files.pythonhosted.org/packages/2b/c4/8aa6ea0bdcedbd1bf87397e2fc4ed8406448ea5842f8660bc6e5f163039d/ruff-0.16.8-py3-none-musllinux_1_2_x86_64.whl", hash = "sha256:efa3e7a16d1baaa79957888dfdf8be9ef2e44db81cb032af06d76632ab59e773", size = 10663666, upload-time = "2026-09-16T15:54:34.838Z" },
]

[[package]]
name = "setuptools"
version = "84.0.0"
source = { registry = "https://pypi.org/simple" }
sdist = { url = "https://files.pythonhosted.org/packages/6d/44/f5da03a8ef95d369145c5bb53050e7877c9f3d312e128605fd9504829143/setuptools-84.0.0.tar.gz", hash = "sha256:f4695c21257f0d9b537ec2692c941d02ee143b7cc1276941349a546573b2ef73", size = 1168449, upload-time = "2026-08-08T18:27:58.365Z" }
wheels = [
    { url = "https://files.pythonhosted.org/packages/95/9c/c510029fc6ef33a6275cd2c5d3cecd6613dfd6aa401d57c54f1c18852ccf/setuptools-84.0.0-py3-none-any.whl", hash = "sha256:51a52592b3b99e102b609654876bd65f19f999935166d1352678931132b0c670", size = 818216, upload-time = "2026-08-08T18:27:56.719Z" },
]

[[package]]
name = "sympy"
version = "1.14.0"
source = { registry = "https://pypi.org/simple" }
dependencies = [
    { name = "mpmath" },
]
sdist = { url = "https://files.pythonhosted.org/packages/83/d3/803453b36afefb7c2bb238361cd4ae6125a569b4db67cd9e79846ba2d68c/sympy-1.14.0.tar.gz", hash = "sha256:d3d3fe8df1e5a0b42f0e7bdf50541697dbe7d23746e894990c030e2b05e72517", size = 7793921, upload-time = "2025-04-27T18:05:01.611Z" }
wheels = [
    { url = "https://files.pythonhosted.org/packages/a2/09/77d55d46fd61b4a135c444fc97158ef34a095e5681d0a6c10b75bf356191/sympy-1.14.0-py3-none-any.whl", hash = "sha256:e091cc3e99d2141a0ba2847328f5479b05d94a6635cb96148ccb3f34671bd8f5", size = 6299353, upload-time = "2025-04-27T18:04:59.103Z" },
]

[[package]]
name = "tensorboard"
version = "2.21.0"
source = { registry = "https://pypi.org/simple" }
dependencies = [
    { name = "absl-py" },
    { name = "grpcio" },
    { name = "markdown" },
    { name = "numpy" },
    { name = "packaging" },
    { name = "pillow" },
    { name = "protobuf" },
    { name = "setuptools" },
    { name = "tensorboard-data-server" },
    { name = "werkzeug" },
]
wheels = [
    { url = "https://files.pythonhosted.org/packages/37/4b/cd2eec9642781a8f5b2fb9994e3933a7b259ab18e9d49aeede9b5acf6311/tensorboard-2.21.0-py3-none-any.whl", hash = "sha256:7279316dcb6bd5bc391d623dea841531299cde1887310e8133bc34a996d32255", size = 5516204, upload-time = "2026-06-29T20:48:04.472Z" },
]

[[package]]
name = "tensorboard-data-server"
version = "0.7.2"
source = { registry = "https://pypi.org/simple" }
wheels = [
    { url = "https://files.pythonhosted.org/packages/7a/13/e503968fefabd4c6b2650af21e110aa8466fe21432cd7c43a84577a89438/tensorboard_data_server-0.7.2-py3-none-any.whl", hash = "sha256:7e0610d205889588983836ec05dc098e80f97b7e7bbff7e994ebb78f578d0ddb", size = 2356, upload-time = "2023-10-23T21:23:32.16Z" },
    { url = "https://files.pythonhosted.org/packages/73/c6/825dab04195756cf8ff2e12698f22513b3db2f64925bdd41671bfb33aaa5/tensorboard_data_server-0.7.2-py3-none-manylinux_2_31_x86_64.whl", hash = "sha256:ef687163c24185ae9754ed5650eb5bc4d84ff257aabdc33f0cc6f74d8ba54530", size = 6590363, upload-time = "2023-10-23T21:23:35.583Z" },
]

[[package]]
name = "terminaltables"
version = "3.1.10"
source = { registry = "https://pypi.org/simple" }
sdist = { url = "https://files.pythonhosted.org/packages/f5/fc/0b73d782f5ab7feba8d007573a3773c58255f223c5940a7b7085f02153c3/terminaltables-3.1.10.tar.gz", hash = "sha256:ba6eca5cb5ba02bba4c9f4f985af80c54ec3dccf94cfcd190154386255e47543", size = 12264, upload-time = "2021-12-07T19:03:35.758Z" }
wheels = [
    { url = "https://files.pythonhosted.org/packages/c4/fb/ea621e0a19733e01fe4005d46087d383693c0f4a8f824b47d8d4122c87e0/terminaltables-3.1.10-py2.py3-none-any.whl", hash = "sha256:e4fdc4179c9e4aab5f674d80f09d76fa436b96fdc698a8505e0a36bf0804a874", size = 15155, upload-time = "2021-12-07T19:03:34.013Z" },
]

[[package]]
name = "torch"
version = "2.10.0+cu128"
source = { registry = "https://download.pytorch.org/whl/cu128" }
dependencies = [
    { name = "cuda-bindings" },
    { name = "filelock" },
    { name = "fsspec" },
    { name = "jinja2" },
    { name = "networkx" },
    { name = "nvidia-cublas-cu12" },
    { name = "nvidia-cuda-cupti-cu12" },
    { name = "nvidia-cuda-nvrtc-cu12" },
    { name = "nvidia-cuda-runtime-cu12" },
    { name = "nvidia-cudnn-cu12" },
    { name = "nvidia-cufft-cu12" },
    { name = "nvidia-cufile-cu12" },
    { name = "nvidia-curand-cu12" },
    { name = "nvidia-cusolver-cu12" },
    { name = "nvidia-cusparse-cu12" },
    { name = "nvidia-cusparselt-cu12" },
    { name = "nvidia-nccl-cu12" },
    { name = "nvidia-nvjitlink-cu12" },
    { name = "nvidia-nvshmem-cu12" },
    { name = "nvidia-nvtx-cu12" },
    { name = "setuptools" },
    { name = "sympy" },
    { name = "triton" },
    { name = "typing-extensions" },
]
wheels = [
    { url = "https://download-r2.pytorch.org/whl/cu128/torch-2.10.0%2Bcu128-cp312-cp312-manylinux_2_28_aarch64.whl", hash = "sha256:6f09cdf2415516be028ae82e6b985bcfc3eac37bc52ab401142689f6224516ca", upload-time = "2026-01-21T15:22:03Z" },
    { url = "https://download-r2.pytorch.org/whl/cu128/torch-2.10.0%2Bcu128-cp312-cp312-manylinux_2_28_x86_64.whl", hash = "sha256:628e89bd5110ced7debee2a57c69959725b7fbc64eab81a39dd70e46c7e28ba5", upload-time = "2026-01-21T15:22:11Z" },
]

[[package]]
name = "torchvision"
version = "0.25.0+cu128"
source = { registry = "https://download.pytorch.org/whl/cu128" }
dependencies = [
    { name = "numpy" },
    { name = "pillow" },
    { name = "torch" },
]
wheels = [
    { url = "https://download-r2.pytorch.org/whl/cu128/torchvision-0.25.0%2Bcu128-cp312-cp312-manylinux_2_28_aarch64.whl", hash = "sha256:8623e534ef6a815bd6407d4b52dd70c7154e2eda626ad4b9cb895d36c5a3305b", upload-time = "2026-01-21T22:32:23Z" },
    { url = "https://download-r2.pytorch.org/whl/cu128/torchvision-0.25.0%2Bcu128-cp312-cp312-manylinux_2_28_x86_64.whl", hash = "sha256:1255a0ca2bf987acf9f103b96c5c4cfe3415fc4a1eef17fa08af527a04a4f573", upload-time = "2026-01-21T22:32:24Z" },
]

[[package]]
name = "tqdm"
version = "4.70.1"
source = { registry = "https://pypi.org/simple" }
sdist = { url = "https://files.pythonhosted.org/packages/0d/ea/b2a5bd54b28a324dae8211928b2d730b6547500342c7e6c6dea08bd0a485/tqdm-4.70.1.tar.gz", hash = "sha256:cefd0eca11b2a37a3aee776544d4f4ae913f02688135b5556b8788dfa474afc4", size = 171846, upload-time = "2026-09-11T07:25:16.601Z" }
wheels = [
    { url = "https://files.pythonhosted.org/packages/a7/03/921a3d3c75785aca9ebfbfcabfbc3a1be12e2ab5265deb026d55a5a3f83e/tqdm-4.70.1-py3-none-any.whl", hash = "sha256:c293e525e6fef9c20e8728fd4612df02a0aa31bb5fe91ecd93e123b1b7bffa73", size = 80199, upload-time = "2026-09-11T07:25:14.599Z" },
]

[[package]]
name = "triton"
version = "3.6.0"
source = { registry = "https://pypi.org/simple" }
wheels = [
    { url = "https://files.pythonhosted.org/packages/17/5d/08201db32823bdf77a0e2b9039540080b2e5c23a20706ddba942924ebcd6/triton-3.6.0-cp312-cp312-manylinux_2_27_aarch64.manylinux_2_28_aarch64.whl", hash = "sha256:374f52c11a711fd062b4bfbb201fd9ac0a5febd28a96fb41b4a0f51dde3157f4", size = 176128243, upload-time = "2026-01-20T16:16:07.857Z" },
    { url = "https://files.pythonhosted.org/packages/ab/a8/cdf8b3e4c98132f965f88c2313a4b493266832ad47fb52f23d14d4f86bb5/triton-3.6.0-cp312-cp312-manylinux_2_27_x86_64.manylinux_2_28_x86_64.whl", hash = "sha256:74caf5e34b66d9f3a429af689c1c7128daba1d8208df60e81106b115c00d6fca", size = 188266850, upload-time = "2026-01-20T16:00:43.041Z" },
]

[[package]]
name = "typing-extensions"
version = "4.16.0"
source = { registry = "https://pypi.org/simple" }
sdist = { url = "https://files.pythonhosted.org/packages/f6/cc/6253133b5bb138fc3306cebfbda2c520f545d36b5be2c7255cc528bb45d6/typing_extensions-4.16.0.tar.gz", hash = "sha256:dc983d19a509c94dba722ee6abd33940f7c05a89e243c47e907eb4db6f1a43e5", size = 113555, upload-time = "2026-07-02T08:40:05.92Z" }
wheels = [
    { url = "https://files.pythonhosted.org/packages/49/d3/b8441a820a491ddfc024b0b0cf0393375b75ea13866d9c66727e54c2fc80/typing_extensions-4.16.0-py3-none-any.whl", hash = "sha256:481caa481374e813c1b176ada14e97f1f67a4539ce9cfeb3f350d78d6370c2e8", size = 45571, upload-time = "2026-07-02T08:40:04.659Z" },
]

[[package]]
name = "vfe"
source = { editable = "." }
dependencies = [
    { name = "numpy" },
    { name = "opencv-python-headless" },
    { name = "pillow" },
    { name = "pycocotools" },
    { name = "pyyaml" },
    { name = "terminaltables" },
    { name = "torch" },
    { name = "torchvision" },
    { name = "tqdm" },
]

[package.optional-dependencies]
dev = [
    { name = "pytest" },
    { name = "ruff" },
]
log = [
    { name = "tensorboard" },
]

[package.metadata]
requires-dist = [
    { name = "numpy", specifier = ">=1.26,<3" },
    { name = "opencv-python-headless", specifier = ">=4.9,<5" },
    { name = "pillow", specifier = ">=10" },
    { name = "pycocotools", specifier = ">=2.0.7" },
    { name = "pytest", marker = "extra == 'dev'", specifier = ">=8" },
    { name = "pyyaml", specifier = ">=6" },
    { name = "ruff", marker = "extra == 'dev'", specifier = ">=0.6" },
    { name = "tensorboard", marker = "extra == 'log'", specifier = ">=2.16" },
    { name = "terminaltables", specifier = ">=3.1" },
    { name = "torch", specifier = "==2.10.0+cu128", index = "https://download.pytorch.org/whl/cu128" },
    { name = "torchvision", specifier = "==0.25.0+cu128", index = "https://download.pytorch.org/whl/cu128" },
    { name = "tqdm", specifier = ">=4.66" },
]
provides-extras = ["log", "dev"]

[[package]]
name = "werkzeug"
version = "3.1.8"
source = { registry = "https://pypi.org/simple" }
dependencies = [
    { name = "markupsafe" },
]
sdist = { url = "https://files.pythonhosted.org/packages/dd/b2/381be8cfdee792dd117872481b6e378f85c957dd7c5bca38897b08f765fd/werkzeug-3.1.8.tar.gz", hash = "sha256:9bad61a4268dac112f1c5cd4630a56ede601b6ed420300677a869083d70a4c44", size = 875852, upload-time = "2026-04-02T18:49:14.268Z" }
wheels = [
    { url = "https://files.pythonhosted.org/packages/93/8c/2e650f2afeb7ee576912636c23ddb621c91ac6a98e66dc8d29c3c69446e1/werkzeug-3.1.8-py3-none-any.whl", hash = "sha256:63a77fb8892bf28ebc3178683445222aa500e48ebad5ec77b0ad80f8726b1f50", size = 226459, upload-time = "2026-04-02T18:49:12.72Z" },
]
